
Microsoft Visual Studio Solution File, Format Version 12.00
# Visual Studio Version 17
VisualStudioVersion = 17.0.31903.59
MinimumVisualStudioVersion = 10.0.40219.1
Project("{FAE04EC0-301F-11D3-BF4B-00C04F79EFBC}") = "MachOps.Domain", "MachOps.Domain\MachOps.Domain.csproj", "{4D2FA0FE-D3EE-4425-9FAD-C0DB3D2F38CC}"
EndProject
Project("{FAE04EC0-301F-11D3-BF4B-00C04F79EFBC}") = "MachOps.Test", "MachOps.Test\MachOps.Test.csproj", "{4F5D11AA-F678-4B85-A256-DFE9FC55858B}"
EndProject
Project("{FAE04EC0-301F-11D3-BF4B-00C04F79EFBC}") = "MachOps.Migrations", "MachOps.Migrations\MachOps.Migrations.csproj", "{78DE5AE9-1DE7-403C-A565-E11FE433217A}"
EndProject
Project("{FAE04EC0-301F-11D3-BF4B-00C04F79EFBC}") = "MachOps.Application", "MachOps.Application\MachOps.Application.csproj", "{95936756-D5C8-438A-8ED5-3977643650D0}"
EndProject
Project("{FAE04EC0-301F-11D3-BF4B-00C04F79EFBC}") = "MachOps.Infrastructure", "MachOps.Infrastructure\MachOps.Infrastructure.csproj", "{8D6D05A7-F0FC-4017-8BFF-0943D7153E6F}"
EndProject
Global
	GlobalSection(SolutionConfigurationPlatforms) = preSolution
		Debug|Any CPU = Debug|Any CPU
		Release|Any CPU = Release|Any CPU
	EndGlobalSection
	GlobalSection(SolutionProperties) = preSolution
		HideSolutionNode = FALSE
	EndGlobalSection
	GlobalSection(ProjectConfigurationPlatforms) = postSolution
		{4D2FA0FE-D3EE-4425-9FAD-C0DB3D2F38CC}.Debug|Any CPU.ActiveCfg = Debug|Any CPU
		{4D2FA0FE-D3EE-4425-9FAD-C0DB3D2F38CC}.Debug|Any CPU.Build.0 = Debug|Any CPU
		{4D2FA0FE-D3EE-4425-9FAD-C0DB3D2F38CC}.Release|Any CPU.ActiveCfg = Release|Any CPU
		{4D2FA0FE-D3EE-4425-9FAD-C0DB3D2F38CC}.Release|Any CPU.Build.0 = Release|Any CPU
		{4F5D11AA-F678-4B85-A256-DFE9FC55858B}.Debug|Any CPU.ActiveCfg = Debug|Any CPU
		{4F5D11AA-F678-4B85-A256-DFE9FC55858B}.Debug|Any CPU.Build.0 = Debug|Any CPU
		{4F5D11AA-F678-4B85-A256-DFE9FC55858B}.Release|Any CPU.ActiveCfg = Release|Any CPU
		{4F5D11AA-F678-4B85-A256-DFE9FC55858B}.Release|Any CPU.Build.0 = Release|Any CPU
		{78DE5AE9-1DE7-403C-A565-E11FE433217A}.Debug|Any CPU.ActiveCfg = Debug|Any CPU
		{78DE5AE9-1DE7-403C-A565-E11FE433217A}.Debug|Any CPU.Build.0 = Debug|Any CPU
		{78DE5AE9-1DE7-403C-A565-E11FE433217A}.Release|Any CPU.ActiveCfg = Release|Any CPU
		{78DE5AE9-1DE7-403C-A565-E11FE433217A}.Release|Any CPU.Build.0 = Release|Any CPU
		{95936756-D5C8-438A-8ED5-3977643650D0}.Debug|Any CPU.ActiveCfg = Debug|Any CPU
		{95936756-D5C8-438A-8ED5-3977643650D0}.Debug|Any CPU.Build.0 = Debug|Any CPU
		{95936756-D5C8-438A-8ED5-3977643650D0}.Release|Any CPU.ActiveCfg = Release|Any CPU
		{95936756-D5C8-438A-8ED5-3977643650D0}.Release|Any CPU.Build.0 = Release|Any CPU
		{8D6D05A7-F0FC-4017-8BFF-0943D7153E6F}.Debug|Any CPU.ActiveCfg = Debug|Any CPU
		{8D6D05A7-F0FC-4017-8BFF-0943D7153E6F}.Debug|Any CPU.Build.0 = Debug|Any CPU
		{8D6D05A7-F0FC-4017-8BFF-0943D7153E6F}.Release|Any CPU.ActiveCfg = Release|Any CPU
		{8D6D05A7-F0FC-4017-8BFF-0943D7153E6F}.Release|Any CPU.Build.0 = Release|Any CPU
	EndGlobalSection
EndGlobal
